// !$*UTF8*$!
{
	archiveVersion = 1;
	classes = {
	};
	objectVersion = 56;
	objects = {

/* Begin PBXBuildFile section */
		01A000000000000000000051 /* VpnCloudApp.swift in Sources */ = {isa = PBXBuildFile; fileRef = 01A000000000000000000050 /* VpnCloudApp.swift */; };
		01A000000000000000000053 /* ContentView.swift in Sources */ = {isa = PBXBuildFile; fileRef = 01A000000000000000000052 /* ContentView.swift */; };
		01A000000000000000000055 /* VpnManager.swift in Sources */ = {isa = PBXBuildFile; fileRef = 01A000000000000000000054 /* VpnManager.swift */; };
		01A000000000000000000061 /* PacketTunnelProvider.swift in Sources */ = {isa = PBXBuildFile; fileRef = 01A000000000000000000060 /* PacketTunnelProvider.swift */; };
		01A000000000000000000071 /* libvpncloud.xcframework in Frameworks */ = {isa = PBXBuildFile; fileRef = 01A000000000000000000070 /* libvpncloud.xcframework */; };
		01A000000000000000000073 /* NetworkExtension.framework in Frameworks */ = {isa = PBXBuildFile; fileRef = 01A000000000000000000072 /* NetworkExtension.framework */; };
		01A000000000000000000075 /* NetworkExtension.framework in Frameworks */ = {isa = PBXBuildFile; fileRef = 01A000000000000000000072 /* NetworkExtension.framework */; };
		01A000000000000000000077 /* PacketTunnel.appex in Embed Foundation Extensions */ = {isa = PBXBuildFile; fileRef = 01A000000000000000000013 /* PacketTunnel.appex */; settings = {ATTRIBUTES = (RemoveHeadersOnCopy, ); }; };
/* End PBXBuildFile section */

/* Begin PBXContainerItemProxy section */
		01A000000000000000000090 /* PBXContainerItemProxy */ = {
			isa = PBXContainerItemProxy;
			containerPortal = 01A000000000000000000001 /* Project object */;
			proxyType = 1;
			remoteGlobalIDString = 01A000000000000000000011;
			remoteInfo = PacketTunnel;
		};
/* End PBXContainerItemProxy section */

/* Begin PBXCopyFilesBuildPhase section */
		01A000000000000000000025 /* Embed Foundation Extensions */ = {
			isa = PBXCopyFilesBuildPhase;
			buildActionMask = 2147483647;
			dstPath = "";
			dstSubfolderSpec = 13;
			files = (
				01A000000000000000000077 /* PacketTunnel.appex in Embed Foundation Extensions */,
			);
			name = "Embed Foundation Extensions";
			runOnlyForDeploymentPostprocessing = 0;
		};
/* End PBXCopyFilesBuildPhase section */

/* Begin PBXFileReference section */
		01A000000000000000000012 /* VpnCloud.app */ = {isa = PBXFileReference; explicitFileType = wrapper.application; includeInIndex = 0; path = VpnCloud.app; sourceTree = BUILT_PRODUCTS_DIR; };
		01A000000000000000000013 /* PacketTunnel.appex */ = {isa = PBXFileReference; explicitFileType = "wrapper.app-extension"; includeInIndex = 0; path = PacketTunnel.appex; sourceTree = BUILT_PRODUCTS_DIR; };
		01A000000000000000000050 /* VpnCloudApp.swift */ = {isa = PBXFileReference; lastKnownFileType = sourcecode.swift; path = VpnCloudApp.swift; sourceTree = "<group>"; };
		01A000000000000000000052 /* ContentView.swift */ = {isa = PBXFileReference; lastKnownFileType = sourcecode.swift; path = ContentView.swift; sourceTree = "<group>"; };
		01A000000000000000000054 /* VpnManager.swift */ = {isa = PBXFileReference; lastKnownFileType = sourcecode.swift; path = VpnManager.swift; sourceTree = "<group>"; };
		01A000000000000000000056 /* Info.plist */ = {isa = PBXFileReference; lastKnownFileType = text.plist.xml; path = Info.plist; sourceTree = "<group>"; };
		01A000000000000000000057 /* VpnCloud.entitlements */ = {isa = PBXFileReference; lastKnownFileType = text.plist.entitlements; path = VpnCloud.entitlements; sourceTree = "<group>"; };
		01A000000000000000000060 /* PacketTunnelProvider.swift */ = {isa = PBXFileReference; lastKnownFileType = sourcecode.swift; path = PacketTunnelProvider.swift; sourceTree = "<group>"; };
		01A000000000000000000062 /* Info.plist */ = {isa = PBXFileReference; lastKnownFileType = text.plist.xml; path = Info.plist; sourceTree = "<group>"; };
		01A000000000000000000063 /* PacketTunnel.entitlements */ = {isa = PBXFileReference; lastKnownFileType = text.plist.entitlements; path = PacketTunnel.entitlements; sourceTree = "<group>"; };
		01A000000000000000000064 /* vpncloud-Bridging-Header.h */ = {isa = PBXFileReference; lastKnownFileType = sourcecode.c.h; path = "vpncloud-Bridging-Header.h"; sourceTree = "<group>"; };
		01A000000000000000000070 /* libvpncloud.xcframework */ = {isa = PBXFileReference; lastKnownFileType = wrapper.xcframework; path = libvpncloud.xcframework; sourceTree = "<group>"; };
		01A000000000000000000072 /* NetworkExtension.framework */ = {isa = PBXFileReference; lastKnownFileType = wrapper.framework; name = NetworkExtension.framework; path = System/Library/Frameworks/NetworkExtension.framework; sourceTree = SDKROOT; };
/* End PBXFileReference section */

/* Begin PBXFrameworksBuildPhase section */
		01A000000000000000000022 /* Frameworks */ = {
			isa = PBXFrameworksBuildPhase;
			buildActionMask = 2147483647;
			files = (
				01A000000000000000000073 /* NetworkExtension.framework in Frameworks */,
			);
			runOnlyForDeploymentPostprocessing = 0;
		};
		01A000000000000000000023 /* Frameworks */ = {
			isa = PBXFrameworksBuildPhase;
			buildActionMask = 2147483647;
			files = (
				01A000000000000000000075 /* NetworkExtension.framework in Frameworks */,
				01A000000000000000000071 /* libvpncloud.xcframework in Frameworks */,
			);
			runOnlyForDeploymentPostprocessing = 0;
		};
/* End PBXFrameworksBuildPhase section */

/* Begin PBXGroup section */
		01A000000000000000000002 = {
			isa = PBXGroup;
			children = (
				01A000000000000000000080 /* VpnCloud */,
				01A000000000000000000081 /* PacketTunnel */,
				01A000000000000000000070 /* libvpncloud.xcframework */,
				01A000000000000000000082 /* Frameworks */,
				01A000000000000000000003 /* Products */,
			);
			sourceTree = "<group>";
		};
		01A000000000000000000003 /* Products */ = {
			isa = PBXGroup;
			children = (
				01A000000000000000000012 /* VpnCloud.app */,
				01A000000000000000000013 /* PacketTunnel.appex */,
			);
			name = Products;
			sourceTree = "<group>";
		};
		01A000000000000000000080 /* VpnCloud */ = {
			isa = PBXGroup;
			children = (
				01A000000000000000000050 /* VpnCloudApp.swift */,
				01A000000000000000000052 /* ContentView.swift */,
				01A000000000000000000054 /* VpnManager.swift */,
				01A000000000000000000056 /* Info.plist */,
				01A000000000000000000057 /* VpnCloud.entitlements */,
			);
			path = VpnCloud;
			sourceTree = "<group>";
		};
		01A000000000000000000081 /* PacketTunnel */ = {
			isa = PBXGroup;
			children = (
				01A000000000000000000060 /* PacketTunnelProvider.swift */,
				01A000000000000000000062 /* Info.plist */,
				01A000000000000000000063 /* PacketTunnel.entitlements */,
				01A000000000000000000064 /* vpncloud-Bridging-Header.h */,
			);
			path = PacketTunnel;
			sourceTree = "<group>";
		};
		01A000000000000000000082 /* Frameworks */ = {
			isa = PBXGroup;
			children = (
				01A000000000000000000072 /* NetworkExtension.framework */,
			);
			name = Frameworks;
			sourceTree = "<group>";
		};
/* End PBXGroup section */

/* Begin PBXNativeTarget section */
		01A000000000000000000010 /* VpnCloud */ = {
			isa = PBXNativeTarget;
			buildConfigurationList = 01A000000000000000000031 /* Build configuration list for PBXNativeTarget "VpnCloud" */;
			buildPhases = (
				01A000000000000000000020 /* Sources */,
				01A000000000000000000022 /* Frameworks */,
				01A000000000000000000024 /* Resources */,
				01A000000000000000000025 /* Embed Foundation Extensions */,
			);
			buildRules = (
			);
			dependencies = (
				01A000000000000000000091 /* PBXTargetDependency */,
			);
			name = VpnCloud;
			productName = VpnCloud;
			productReference = 01A000000000000000000012 /* VpnCloud.app */;
			productType = "com.apple.product-type.application";
		};
		01A000000000000000000011 /* PacketTunnel */ = {
			isa = PBXNativeTarget;
			buildConfigurationList = 01A000000000000000000032 /* Build configuration list for PBXNativeTarget "PacketTunnel" */;
			buildPhases = (
				01A000000000000000000021 /* Sources */,
				01A000000000000000000023 /* Frameworks */,
			);
			buildRules = (
			);
			dependencies = (
			);
			name = PacketTunnel;
			productName = PacketTunnel;
			productReference = 01A000000000000000000013 /* PacketTunnel.appex */;
			productType = "com.apple.product-type.app-extension";
		};
/* End PBXNativeTarget section */

/* Begin PBXProject section */
		01A000000000000000000001 /* Project object */ = {
			isa = PBXProject;
			attributes = {
				BuildIndependentTargetsInParallel = 1;
				LastSwiftUpdateCheck = 1500;
				LastUpgradeCheck = 1500;
				TargetAttributes = {
					01A000000000000000000010 = {
						CreatedOnToolsVersion = 15.0;
					};
					01A000000000000000000011 = {
						CreatedOnToolsVersion = 15.0;
					};
				};
			};
			buildConfigurationList = 01A000000000000000000030 /* Build configuration list for PBXProject "VpnCloud" */;
			compatibilityVersion = "Xcode 14.0";
			developmentRegion = en;
			hasScannedForEncodings = 0;
			knownRegions = (
				en,
				Base,
			);
			mainGroup = 01A000000000000000000002;
			productRefGroup = 01A000000000000000000003 /* Products */;
			projectDirPath = "";
			projectRoot = "";
			targets = (
				01A000000000000000000010 /* VpnCloud */,
				01A000000000000000000011 /* PacketTunnel */,
			);
		};
/* End PBXProject section */

/* Begin PBXResourcesBuildPhase section */
		01A000000000000000000024 /* Resources */ = {
			isa = PBXResourcesBuildPhase;
			buildActionMask = 2147483647;
			files = (
			);
			runOnlyForDeploymentPostprocessing = 0;
		};
/* End PBXResourcesBuildPhase section */

/* Begin PBXSourcesBuildPhase section */
		01A000000000000000000020 /* Sources */ = {
			isa = PBXSourcesBuildPhase;
			buildActionMask = 2147483647;
			files = (
				01A000000000000000000051 /* VpnCloudApp.swift in Sources */,
				01A000000000000000000053 /* ContentView.swift in Sources */,
				01A000000000000000000055 /* VpnManager.swift in Sources */,
			);
			runOnlyForDeploymentPostprocessing = 0;
		};
		01A000000000000000000021 /* Sources */ = {
			isa = PBXSourcesBuildPhase;
			buildActionMask = 2147483647;
			files = (
				01A000000000000000000061 /* PacketTunnelProvider.swift in Sources */,
			);
			runOnlyForDeploymentPostprocessing = 0;
		};
/* End PBXSourcesBuildPhase section */

/* Begin PBXTargetDependency section */
		01A000000000000000000091 /* PBXTargetDependency */ = {
			isa = PBXTargetDependency;
			target = 01A000000000000000000011 /* PacketTunnel */;
			targetProxy = 01A000000000000000000090 /* PBXContainerItemProxy */;
		};
/* End PBXTargetDependency section */

/* Begin XCBuildConfiguration section */
		01A000000000000000000040 /* Debug */ = {
			isa = XCBuildConfiguration;
			buildSettings = {
				ALWAYS_SEARCH_USER_PATHS = NO;
				CLANG_ENABLE_MODULES = YES;
				CLANG_ENABLE_OBJC_ARC = YES;
				COPY_PHASE_STRIP = NO;
				DEBUG_INFORMATION_FORMAT = dwarf;
				ENABLE_TESTABILITY = YES;
				GCC_DYNAMIC_NO_PIC = NO;
				GCC_OPTIMIZATION_LEVEL = 0;
				IPHONEOS_DEPLOYMENT_TARGET = 16.0;
				MTL_ENABLE_DEBUG_INFO = INCLUDE_SOURCE;
				ONLY_ACTIVE_ARCH = YES;
				SDKROOT = iphoneos;
				SWIFT_ACTIVE_COMPILATION_CONDITIONS = DEBUG;
				SWIFT_OPTIMIZATION_LEVEL = "-Onone";
				SWIFT_VERSION = 5.0;
			};
			name = Debug;
		};
		01A000000000000000000041 /* Release */ = {
			isa = XCBuildConfiguration;
			buildSettings = {
				ALWAYS_SEARCH_USER_PATHS = NO;
				CLANG_ENABLE_MODULES = YES;
				CLANG_ENABLE_OBJC_ARC = YES;
				COPY_PHASE_STRIP = NO;
				DEBUG_INFORMATION_FORMAT = "dwarf-with-dsym";
				IPHONEOS_DEPLOYMENT_TARGET = 16.0;
				MTL_ENABLE_DEBUG_INFO = NO;
				SDKROOT = iphoneos;
				SWIFT_COMPILATION_MODE = wholemodule;
				SWIFT_VERSION = 5.0;
				VALIDATE_PRODUCT = YES;
			};
			name = Release;
		};
		01A000000000000000000042 /* Debug */ = {
			isa = XCBuildConfiguration;
			buildSettings = {
				CODE_SIGN_ENTITLEMENTS = VpnCloud/VpnCloud.entitlements;
				CODE_SIGN_STYLE = Automatic;
				CURRENT_PROJECT_VERSION = 3;
				GENERATE_INFOPLIST_FILE = NO;
				INFOPLIST_FILE = VpnCloud/Info.plist;
				INFOPLIST_KEY_CFBundleDisplayName = VpnCloud;
				LD_RUNPATH_SEARCH_PATHS = (
					"$(inherited)",
					"@executable_path/Frameworks",
				);
				MARKETING_VERSION = 2.4.2;
				PRODUCT_BUNDLE_IDENTIFIER = ca.witherow.vpncloud;
				PRODUCT_NAME = "$(TARGET_NAME)";
				SUPPORTED_PLATFORMS = "iphoneos iphonesimulator";
				SUPPORTS_MACCATALYST = NO;
				SWIFT_EMIT_LOC_STRINGS = YES;
				SWIFT_VERSION = 5.0;
				TARGETED_DEVICE_FAMILY = "1,2";
			};
			name = Debug;
		};
		01A000000000000000000043 /* Release */ = {
			isa = XCBuildConfiguration;
			buildSettings = {
				CODE_SIGN_ENTITLEMENTS = VpnCloud/VpnCloud.entitlements;
				CODE_SIGN_STYLE = Automatic;
				CURRENT_PROJECT_VERSION = 3;
				GENERATE_INFOPLIST_FILE = NO;
				INFOPLIST_FILE = VpnCloud/Info.plist;
				INFOPLIST_KEY_CFBundleDisplayName = VpnCloud;
				LD_RUNPATH_SEARCH_PATHS = (
					"$(inherited)",
					"@executable_path/Frameworks",
				);
				MARKETING_VERSION = 2.4.2;
				PRODUCT_BUNDLE_IDENTIFIER = ca.witherow.vpncloud;
				PRODUCT_NAME = "$(TARGET_NAME)";
				SUPPORTED_PLATFORMS = "iphoneos iphonesimulator";
				SUPPORTS_MACCATALYST = NO;
				SWIFT_EMIT_LOC_STRINGS = YES;
				SWIFT_VERSION = 5.0;
				TARGETED_DEVICE_FAMILY = "1,2";
			};
			name = Release;
		};
		01A000000000000000000044 /* Debug */ = {
			isa = XCBuildConfiguration;
			buildSettings = {
				APPLICATION_EXTENSION_API_ONLY = YES;
				CODE_SIGN_ENTITLEMENTS = PacketTunnel/PacketTunnel.entitlements;
				CODE_SIGN_STYLE = Automatic;
				CURRENT_PROJECT_VERSION = 3;
				GENERATE_INFOPLIST_FILE = NO;
				HEADER_SEARCH_PATHS = (
					"$(inherited)",
					"$(PROJECT_DIR)/include",
				);
				INFOPLIST_FILE = PacketTunnel/Info.plist;
				LD_RUNPATH_SEARCH_PATHS = (
					"$(inherited)",
					"@executable_path/Frameworks",
					"@executable_path/../../Frameworks",
				);
				MARKETING_VERSION = 2.4.2;
				OTHER_LDFLAGS = (
					"$(inherited)",
					"-lc++",
				);
				PRODUCT_BUNDLE_IDENTIFIER = ca.witherow.vpncloud.PacketTunnel;
				PRODUCT_NAME = "$(TARGET_NAME)";
				SKIP_INSTALL = YES;
				SUPPORTED_PLATFORMS = "iphoneos iphonesimulator";
				SUPPORTS_MACCATALYST = NO;
				SWIFT_OBJC_BRIDGING_HEADER = "PacketTunnel/vpncloud-Bridging-Header.h";
				SWIFT_VERSION = 5.0;
				TARGETED_DEVICE_FAMILY = "1,2";
			};
			name = Debug;
		};
		01A000000000000000000045 /* Release */ = {
			isa = XCBuildConfiguration;
			buildSettings = {
				APPLICATION_EXTENSION_API_ONLY = YES;
				CODE_SIGN_ENTITLEMENTS = PacketTunnel/PacketTunnel.entitlements;
				CODE_SIGN_STYLE = Automatic;
				CURRENT_PROJECT_VERSION = 3;
				GENERATE_INFOPLIST_FILE = NO;
				HEADER_SEARCH_PATHS = (
					"$(inherited)",
					"$(PROJECT_DIR)/include",
				);
				INFOPLIST_FILE = PacketTunnel/Info.plist;
				LD_RUNPATH_SEARCH_PATHS = (
					"$(inherited)",
					"@executable_path/Frameworks",
					"@executable_path/../../Frameworks",
				);
				MARKETING_VERSION = 2.4.2;
				OTHER_LDFLAGS = (
					"$(inherited)",
					"-lc++",
				);
				PRODUCT_BUNDLE_IDENTIFIER = ca.witherow.vpncloud.PacketTunnel;
				PRODUCT_NAME = "$(TARGET_NAME)";
				SKIP_INSTALL = YES;
				SUPPORTED_PLATFORMS = "iphoneos iphonesimulator";
				SUPPORTS_MACCATALYST = NO;
				SWIFT_OBJC_BRIDGING_HEADER = "PacketTunnel/vpncloud-Bridging-Header.h";
				SWIFT_VERSION = 5.0;
				TARGETED_DEVICE_FAMILY = "1,2";
			};
			name = Release;
		};
/* End XCBuildConfiguration section */

/* Begin XCConfigurationList section */
		01A000000000000000000030 /* Build configuration list for PBXProject "VpnCloud" */ = {
			isa = XCConfigurationList;
			buildConfigurations = (
				01A000000000000000000040 /* Debug */,
				01A000000000000000000041 /* Release */,
			);
			defaultConfigurationIsVisible = 0;
			defaultConfigurationName = Release;
		};
		01A000000000000000000031 /* Build configuration list for PBXNativeTarget "VpnCloud" */ = {
			isa = XCConfigurationList;
			buildConfigurations = (
				01A000000000000000000042 /* Debug */,
				01A000000000000000000043 /* Release */,
			);
			defaultConfigurationIsVisible = 0;
			defaultConfigurationName = Release;
		};
		01A000000000000000000032 /* Build configuration list for PBXNativeTarget "PacketTunnel" */ = {
			isa = XCConfigurationList;
			buildConfigurations = (
				01A000000000000000000044 /* Debug */,
				01A000000000000000000045 /* Release */,
			);
			defaultConfigurationIsVisible = 0;
			defaultConfigurationName = Release;
		};
/* End XCConfigurationList section */
	};
	rootObject = 01A000000000000000000001 /* Project object */;
}
